
Microsoft Visual Studio Solution File, Format Version 12.00
# Visual Studio Version 16
VisualStudioVersion = 16.0.31729.503
MinimumVisualStudioVersion = 10.0.40219.1
Project("{FAE04EC0-301F-11D3-BF4B-00C04F79EFBC}") = "Siemens.Automation.Basics.Test", "Siemens.Automation.Basics.Test.csproj", "{27914246-1AE8-4BC0-9B43-3E65D7F52D22}"
EndProject
Project("{FAE04EC0-301F-11D3-BF4B-00C04F79EFBC}") = "Siemens.Automation.Archiving.Test", "..\Siemens.Automation.Archiving.Test\Siemens.Automation.Archiving.Test.csproj", "{C4006C6D-449C-4F7F-AD05-73739EB01F5F}"
EndProject
Global
	GlobalSection(SolutionConfigurationPlatforms) = preSolution
		Debug|Any CPU = Debug|Any CPU
		Release|Any CPU = Release|Any CPU
	EndGlobalSection
	GlobalSection(ProjectConfigurationPlatforms) = postSolution
		{27914246-1AE8-4BC0-9B43-3E65D7F52D22}.Debug|Any CPU.ActiveCfg = Debug|Any CPU
		{27914246-1AE8-4BC0-9B43-3E65D7F52D22}.Debug|Any CPU.Build.0 = Debug|Any CPU
		{27914246-1AE8-4BC0-9B43-3E65D7F52D22}.Release|Any CPU.ActiveCfg = Release|Any CPU
		{27914246-1AE8-4BC0-9B43-3E65D7F52D22}.Release|Any CPU.Build.0 = Release|Any CPU
		{C4006C6D-449C-4F7F-AD05-73739EB01F5F}.Debug|Any CPU.ActiveCfg = Debug|Any CPU
		{C4006C6D-449C-4F7F-AD05-73739EB01F5F}.Debug|Any CPU.Build.0 = Debug|Any CPU
		{C4006C6D-449C-4F7F-AD05-73739EB01F5F}.Release|Any CPU.ActiveCfg = Release|Any CPU
		{C4006C6D-449C-4F7F-AD05-73739EB01F5F}.Release|Any CPU.Build.0 = Release|Any CPU
	EndGlobalSection
	GlobalSection(SolutionProperties) = preSolution
		HideSolutionNode = FALSE
	EndGlobalSection
	GlobalSection(ExtensibilityGlobals) = postSolution
		SolutionGuid = {E8C6C7EF-99A3-490C-9DC3-E2C2C79DAEBB}
	EndGlobalSection
EndGlobal
