
Microsoft Visual Studio Solution File, Format Version 12.00
# Visual Studio Version 16
VisualStudioVersion = 16.0.31729.503
MinimumVisualStudioVersion = 10.0.40219.1
Project("{FAE04EC0-301F-11D3-BF4B-00C04F79EFBC}") = "ShowModuleState", "ShowModuleState.csproj", "{E0AE6875-5B5E-4BB3-B6FC-874D3B5D8FF5}"
EndProject
Project("{FAE04EC0-301F-11D3-BF4B-00C04F79EFBC}") = "Siemens.Automation.CommonServices.ProjectManager.Test", "..\Siemens.Automation.CommonServices.ProjectManager.Test\Siemens.Automation.CommonServices.ProjectManager.Test.csproj", "{3DE1B2B5-1B59-4794-9A13-B04948FB967A}"
EndProject
Project("{FAE04EC0-301F-11D3-BF4B-00C04F79EFBC}") = "Siemens.Automation.FrameApplication.Test", "..\Siemens.Automation.FrameApplication.Test\Siemens.Automation.FrameApplication.Test.csproj", "{C85C9019-FAA3-49D3-967E-AD6C5D46DAAE}"
EndProject
Project("{FAE04EC0-301F-11D3-BF4B-00C04F79EFBC}") = "Siemens.Simatic.Hwcn.Diagnostic.UI.Test", "..\Siemens.Simatic.Hwcn.Diagnostic.UI.Test\Siemens.Simatic.Hwcn.Diagnostic.UI.Test.csproj", "{7A5C81D6-3444-4373-B9CE-09B5C5345331}"
EndProject
Project("{FAE04EC0-301F-11D3-BF4B-00C04F79EFBC}") = "Siemens.Simatic.Lang.BlockLogic.Test", "..\Siemens.Simatic.Lang.BlockLogic.Test\Siemens.Simatic.Lang.BlockLogic.Test.csproj", "{23D79225-7E7C-4134-8BD3-3355927E1707}"
EndProject
Project("{FAE04EC0-301F-11D3-BF4B-00C04F79EFBC}") = "Siemens.Simatic.Lang.NetworkEditorFrame.Test", "..\Siemens.Simatic.Lang.NetworkEditorFrame.Test\Siemens.Simatic.Lang.NetworkEditorFrame.Test.csproj", "{4F95BABF-EBE2-45EE-A7C8-82EC56138BB2}"
EndProject
Project("{FAE04EC0-301F-11D3-BF4B-00C04F79EFBC}") = "Siemens.Automation.DomainServices.Online.Test", "..\Siemens.Automation.DomainServices.Online.Test\Siemens.Automation.DomainServices.Online.Test.csproj", "{3C1A140A-5AC9-4D1E-A2B4-0E84E5C572D6}"
EndProject
Project("{FAE04EC0-301F-11D3-BF4B-00C04F79EFBC}") = "Siemens.Automation.OnlineAccess.Test.Basics", "..\Siemens.Automation.OnlineAccess.Test.Basics\Siemens.Automation.OnlineAccess.Test.Basics.csproj", "{DA9F75A9-7345-4D1C-90E9-F0FF33B75E59}"
EndProject
Project("{FAE04EC0-301F-11D3-BF4B-00C04F79EFBC}") = "Siemens.Automation.Basics.Test", "..\Siemens.Automation.Basics.Test\Siemens.Automation.Basics.Test.csproj", "{27914246-1AE8-4BC0-9B43-3E65D7F52D22}"
EndProject
Project("{FAE04EC0-301F-11D3-BF4B-00C04F79EFBC}") = "Siemens.Automation.CommonServices", "..\Siemens.Automation.CommonServices\Siemens.Automation.CommonServices.csproj", "{A8AADE36-BBED-43AF-BD52-335E53890B8E}"
EndProject
Project("{FAE04EC0-301F-11D3-BF4B-00C04F79EFBC}") = "Siemens.Automation.CommonTrace.IntegrationDotNet.Test", "..\Siemens.Automation.CommonTrace.IntegrationDotNet.Test\Siemens.Automation.CommonTrace.IntegrationDotNet.Test.csproj", "{CB000984-EA04-4BA8-84BB-58BFCA62FA91}"
EndProject
Project("{FAE04EC0-301F-11D3-BF4B-00C04F79EFBC}") = "Siemens.Simatic.Hwcn.Diagnostic", "..\Siemens.Simatic.Hwcn.Diagnostic\Siemens.Simatic.Hwcn.Diagnostic.csproj", "{2EA8AA62-E792-4354-A08A-BDDE6ECFD7A1}"
EndProject
Global
	GlobalSection(SolutionConfigurationPlatforms) = preSolution
		Debug|Any CPU = Debug|Any CPU
		Debug|x64 = Debug|x64
		Release|Any CPU = Release|Any CPU
		Release|x64 = Release|x64
		Self|Any CPU = Self|Any CPU
		Self|x64 = Self|x64
		TIA|Any CPU = TIA|Any CPU
		TIA|x64 = TIA|x64
	EndGlobalSection
	GlobalSection(ProjectConfigurationPlatforms) = postSolution
		{E0AE6875-5B5E-4BB3-B6FC-874D3B5D8FF5}.Debug|Any CPU.ActiveCfg = Debug|Any CPU
		{E0AE6875-5B5E-4BB3-B6FC-874D3B5D8FF5}.Debug|Any CPU.Build.0 = Debug|Any CPU
		{E0AE6875-5B5E-4BB3-B6FC-874D3B5D8FF5}.Debug|x64.ActiveCfg = Debug|Any CPU
		{E0AE6875-5B5E-4BB3-B6FC-874D3B5D8FF5}.Debug|x64.Build.0 = Debug|Any CPU
		{E0AE6875-5B5E-4BB3-B6FC-874D3B5D8FF5}.Release|Any CPU.ActiveCfg = Release|Any CPU
		{E0AE6875-5B5E-4BB3-B6FC-874D3B5D8FF5}.Release|Any CPU.Build.0 = Release|Any CPU
		{E0AE6875-5B5E-4BB3-B6FC-874D3B5D8FF5}.Release|x64.ActiveCfg = Release|Any CPU
		{E0AE6875-5B5E-4BB3-B6FC-874D3B5D8FF5}.Release|x64.Build.0 = Release|Any CPU
		{E0AE6875-5B5E-4BB3-B6FC-874D3B5D8FF5}.Self|Any CPU.ActiveCfg = Debug|Any CPU
		{E0AE6875-5B5E-4BB3-B6FC-874D3B5D8FF5}.Self|Any CPU.Build.0 = Debug|Any CPU
		{E0AE6875-5B5E-4BB3-B6FC-874D3B5D8FF5}.Self|x64.ActiveCfg = TIA|Any CPU
		{E0AE6875-5B5E-4BB3-B6FC-874D3B5D8FF5}.Self|x64.Build.0 = TIA|Any CPU
		{E0AE6875-5B5E-4BB3-B6FC-874D3B5D8FF5}.TIA|Any CPU.ActiveCfg = Debug|Any CPU
		{E0AE6875-5B5E-4BB3-B6FC-874D3B5D8FF5}.TIA|Any CPU.Build.0 = Debug|Any CPU
		{E0AE6875-5B5E-4BB3-B6FC-874D3B5D8FF5}.TIA|x64.ActiveCfg = TIA|Any CPU
		{E0AE6875-5B5E-4BB3-B6FC-874D3B5D8FF5}.TIA|x64.Build.0 = TIA|Any CPU
		{3DE1B2B5-1B59-4794-9A13-B04948FB967A}.Debug|Any CPU.ActiveCfg = Debug|Any CPU
		{3DE1B2B5-1B59-4794-9A13-B04948FB967A}.Debug|Any CPU.Build.0 = Debug|Any CPU
		{3DE1B2B5-1B59-4794-9A13-B04948FB967A}.Debug|x64.ActiveCfg = Debug|Any CPU
		{3DE1B2B5-1B59-4794-9A13-B04948FB967A}.Debug|x64.Build.0 = Debug|Any CPU
		{3DE1B2B5-1B59-4794-9A13-B04948FB967A}.Release|Any CPU.ActiveCfg = Release|Any CPU
		{3DE1B2B5-1B59-4794-9A13-B04948FB967A}.Release|Any CPU.Build.0 = Release|Any CPU
		{3DE1B2B5-1B59-4794-9A13-B04948FB967A}.Release|x64.ActiveCfg = Release|Any CPU
		{3DE1B2B5-1B59-4794-9A13-B04948FB967A}.Release|x64.Build.0 = Release|Any CPU
		{3DE1B2B5-1B59-4794-9A13-B04948FB967A}.Self|Any CPU.ActiveCfg = Debug|Any CPU
		{3DE1B2B5-1B59-4794-9A13-B04948FB967A}.Self|Any CPU.Build.0 = Debug|Any CPU
		{3DE1B2B5-1B59-4794-9A13-B04948FB967A}.Self|x64.ActiveCfg = TIA|Any CPU
		{3DE1B2B5-1B59-4794-9A13-B04948FB967A}.Self|x64.Build.0 = TIA|Any CPU
		{3DE1B2B5-1B59-4794-9A13-B04948FB967A}.TIA|Any CPU.ActiveCfg = Debug|Any CPU
		{3DE1B2B5-1B59-4794-9A13-B04948FB967A}.TIA|Any CPU.Build.0 = Debug|Any CPU
		{3DE1B2B5-1B59-4794-9A13-B04948FB967A}.TIA|x64.ActiveCfg = TIA|Any CPU
		{3DE1B2B5-1B59-4794-9A13-B04948FB967A}.TIA|x64.Build.0 = TIA|Any CPU
		{C85C9019-FAA3-49D3-967E-AD6C5D46DAAE}.Debug|Any CPU.ActiveCfg = Debug|Any CPU
		{C85C9019-FAA3-49D3-967E-AD6C5D46DAAE}.Debug|Any CPU.Build.0 = Debug|Any CPU
		{C85C9019-FAA3-49D3-967E-AD6C5D46DAAE}.Debug|x64.ActiveCfg = Debug|Any CPU
		{C85C9019-FAA3-49D3-967E-AD6C5D46DAAE}.Debug|x64.Build.0 = Debug|Any CPU
		{C85C9019-FAA3-49D3-967E-AD6C5D46DAAE}.Release|Any CPU.ActiveCfg = Release|Any CPU
		{C85C9019-FAA3-49D3-967E-AD6C5D46DAAE}.Release|Any CPU.Build.0 = Release|Any CPU
		{C85C9019-FAA3-49D3-967E-AD6C5D46DAAE}.Release|x64.ActiveCfg = Release|Any CPU
		{C85C9019-FAA3-49D3-967E-AD6C5D46DAAE}.Release|x64.Build.0 = Release|Any CPU
		{C85C9019-FAA3-49D3-967E-AD6C5D46DAAE}.Self|Any CPU.ActiveCfg = Debug|Any CPU
		{C85C9019-FAA3-49D3-967E-AD6C5D46DAAE}.Self|Any CPU.Build.0 = Debug|Any CPU
		{C85C9019-FAA3-49D3-967E-AD6C5D46DAAE}.Self|x64.ActiveCfg = TIA|Any CPU
		{C85C9019-FAA3-49D3-967E-AD6C5D46DAAE}.Self|x64.Build.0 = TIA|Any CPU
		{C85C9019-FAA3-49D3-967E-AD6C5D46DAAE}.TIA|Any CPU.ActiveCfg = Debug|Any CPU
		{C85C9019-FAA3-49D3-967E-AD6C5D46DAAE}.TIA|Any CPU.Build.0 = Debug|Any CPU
		{C85C9019-FAA3-49D3-967E-AD6C5D46DAAE}.TIA|x64.ActiveCfg = TIA|Any CPU
		{C85C9019-FAA3-49D3-967E-AD6C5D46DAAE}.TIA|x64.Build.0 = TIA|Any CPU
		{7A5C81D6-3444-4373-B9CE-09B5C5345331}.Debug|Any CPU.ActiveCfg = Debug|Any CPU
		{7A5C81D6-3444-4373-B9CE-09B5C5345331}.Debug|Any CPU.Build.0 = Debug|Any CPU
		{7A5C81D6-3444-4373-B9CE-09B5C5345331}.Debug|x64.ActiveCfg = Debug|Any CPU
		{7A5C81D6-3444-4373-B9CE-09B5C5345331}.Debug|x64.Build.0 = Debug|Any CPU
		{7A5C81D6-3444-4373-B9CE-09B5C5345331}.Release|Any CPU.ActiveCfg = Release|Any CPU
		{7A5C81D6-3444-4373-B9CE-09B5C5345331}.Release|Any CPU.Build.0 = Release|Any CPU
		{7A5C81D6-3444-4373-B9CE-09B5C5345331}.Release|x64.ActiveCfg = Release|Any CPU
		{7A5C81D6-3444-4373-B9CE-09B5C5345331}.Release|x64.Build.0 = Release|Any CPU
		{7A5C81D6-3444-4373-B9CE-09B5C5345331}.Self|Any CPU.ActiveCfg = Debug|Any CPU
		{7A5C81D6-3444-4373-B9CE-09B5C5345331}.Self|Any CPU.Build.0 = Debug|Any CPU
		{7A5C81D6-3444-4373-B9CE-09B5C5345331}.Self|x64.ActiveCfg = TIA|Any CPU
		{7A5C81D6-3444-4373-B9CE-09B5C5345331}.Self|x64.Build.0 = TIA|Any CPU
		{7A5C81D6-3444-4373-B9CE-09B5C5345331}.TIA|Any CPU.ActiveCfg = Debug|Any CPU
		{7A5C81D6-3444-4373-B9CE-09B5C5345331}.TIA|Any CPU.Build.0 = Debug|Any CPU
		{7A5C81D6-3444-4373-B9CE-09B5C5345331}.TIA|x64.ActiveCfg = TIA|Any CPU
		{7A5C81D6-3444-4373-B9CE-09B5C5345331}.TIA|x64.Build.0 = TIA|Any CPU
		{23D79225-7E7C-4134-8BD3-3355927E1707}.Debug|Any CPU.ActiveCfg = Debug|Any CPU
		{23D79225-7E7C-4134-8BD3-3355927E1707}.Debug|Any CPU.Build.0 = Debug|Any CPU
		{23D79225-7E7C-4134-8BD3-3355927E1707}.Debug|x64.ActiveCfg = Debug|Any CPU
		{23D79225-7E7C-4134-8BD3-3355927E1707}.Debug|x64.Build.0 = Debug|Any CPU
		{23D79225-7E7C-4134-8BD3-3355927E1707}.Release|Any CPU.ActiveCfg = Release|Any CPU
		{23D79225-7E7C-4134-8BD3-3355927E1707}.Release|Any CPU.Build.0 = Release|Any CPU
		{23D79225-7E7C-4134-8BD3-3355927E1707}.Release|x64.ActiveCfg = Release|Any CPU
		{23D79225-7E7C-4134-8BD3-3355927E1707}.Release|x64.Build.0 = Release|Any CPU
		{23D79225-7E7C-4134-8BD3-3355927E1707}.Self|Any CPU.ActiveCfg = Debug|Any CPU
		{23D79225-7E7C-4134-8BD3-3355927E1707}.Self|Any CPU.Build.0 = Debug|Any CPU
		{23D79225-7E7C-4134-8BD3-3355927E1707}.Self|x64.ActiveCfg = TIA|Any CPU
		{23D79225-7E7C-4134-8BD3-3355927E1707}.Self|x64.Build.0 = TIA|Any CPU
		{23D79225-7E7C-4134-8BD3-3355927E1707}.TIA|Any CPU.ActiveCfg = Debug|Any CPU
		{23D79225-7E7C-4134-8BD3-3355927E1707}.TIA|Any CPU.Build.0 = Debug|Any CPU
		{23D79225-7E7C-4134-8BD3-3355927E1707}.TIA|x64.ActiveCfg = TIA|Any CPU
		{23D79225-7E7C-4134-8BD3-3355927E1707}.TIA|x64.Build.0 = TIA|Any CPU
		{4F95BABF-EBE2-45EE-A7C8-82EC56138BB2}.Debug|Any CPU.ActiveCfg = Debug|Any CPU
		{4F95BABF-EBE2-45EE-A7C8-82EC56138BB2}.Debug|Any CPU.Build.0 = Debug|Any CPU
		{4F95BABF-EBE2-45EE-A7C8-82EC56138BB2}.Debug|x64.ActiveCfg = Debug|Any CPU
		{4F95BABF-EBE2-45EE-A7C8-82EC56138BB2}.Debug|x64.Build.0 = Debug|Any CPU
		{4F95BABF-EBE2-45EE-A7C8-82EC56138BB2}.Release|Any CPU.ActiveCfg = Release|Any CPU
		{4F95BABF-EBE2-45EE-A7C8-82EC56138BB2}.Release|Any CPU.Build.0 = Release|Any CPU
		{4F95BABF-EBE2-45EE-A7C8-82EC56138BB2}.Release|x64.ActiveCfg = Release|Any CPU
		{4F95BABF-EBE2-45EE-A7C8-82EC56138BB2}.Release|x64.Build.0 = Release|Any CPU
		{4F95BABF-EBE2-45EE-A7C8-82EC56138BB2}.Self|Any CPU.ActiveCfg = Debug|Any CPU
		{4F95BABF-EBE2-45EE-A7C8-82EC56138BB2}.Self|Any CPU.Build.0 = Debug|Any CPU
		{4F95BABF-EBE2-45EE-A7C8-82EC56138BB2}.Self|x64.ActiveCfg = TIA|Any CPU
		{4F95BABF-EBE2-45EE-A7C8-82EC56138BB2}.Self|x64.Build.0 = TIA|Any CPU
		{4F95BABF-EBE2-45EE-A7C8-82EC56138BB2}.TIA|Any CPU.ActiveCfg = Debug|Any CPU
		{4F95BABF-EBE2-45EE-A7C8-82EC56138BB2}.TIA|Any CPU.Build.0 = Debug|Any CPU
		{4F95BABF-EBE2-45EE-A7C8-82EC56138BB2}.TIA|x64.ActiveCfg = TIA|Any CPU
		{4F95BABF-EBE2-45EE-A7C8-82EC56138BB2}.TIA|x64.Build.0 = TIA|Any CPU
		{3C1A140A-5AC9-4D1E-A2B4-0E84E5C572D6}.Debug|Any CPU.ActiveCfg = Debug|Any CPU
		{3C1A140A-5AC9-4D1E-A2B4-0E84E5C572D6}.Debug|Any CPU.Build.0 = Debug|Any CPU
		{3C1A140A-5AC9-4D1E-A2B4-0E84E5C572D6}.Debug|x64.ActiveCfg = Debug|Any CPU
		{3C1A140A-5AC9-4D1E-A2B4-0E84E5C572D6}.Debug|x64.Build.0 = Debug|Any CPU
		{3C1A140A-5AC9-4D1E-A2B4-0E84E5C572D6}.Release|Any CPU.ActiveCfg = Release|Any CPU
		{3C1A140A-5AC9-4D1E-A2B4-0E84E5C572D6}.Release|Any CPU.Build.0 = Release|Any CPU
		{3C1A140A-5AC9-4D1E-A2B4-0E84E5C572D6}.Release|x64.ActiveCfg = Release|Any CPU
		{3C1A140A-5AC9-4D1E-A2B4-0E84E5C572D6}.Release|x64.Build.0 = Release|Any CPU
		{3C1A140A-5AC9-4D1E-A2B4-0E84E5C572D6}.Self|Any CPU.ActiveCfg = Debug|Any CPU
		{3C1A140A-5AC9-4D1E-A2B4-0E84E5C572D6}.Self|Any CPU.Build.0 = Debug|Any CPU
		{3C1A140A-5AC9-4D1E-A2B4-0E84E5C572D6}.Self|x64.ActiveCfg = TIA|Any CPU
		{3C1A140A-5AC9-4D1E-A2B4-0E84E5C572D6}.Self|x64.Build.0 = TIA|Any CPU
		{3C1A140A-5AC9-4D1E-A2B4-0E84E5C572D6}.TIA|Any CPU.ActiveCfg = Debug|Any CPU
		{3C1A140A-5AC9-4D1E-A2B4-0E84E5C572D6}.TIA|Any CPU.Build.0 = Debug|Any CPU
		{3C1A140A-5AC9-4D1E-A2B4-0E84E5C572D6}.TIA|x64.ActiveCfg = TIA|Any CPU
		{3C1A140A-5AC9-4D1E-A2B4-0E84E5C572D6}.TIA|x64.Build.0 = TIA|Any CPU
		{DA9F75A9-7345-4D1C-90E9-F0FF33B75E59}.Debug|Any CPU.ActiveCfg = Debug|Any CPU
		{DA9F75A9-7345-4D1C-90E9-F0FF33B75E59}.Debug|Any CPU.Build.0 = Debug|Any CPU
		{DA9F75A9-7345-4D1C-90E9-F0FF33B75E59}.Debug|x64.ActiveCfg = Debug|Any CPU
		{DA9F75A9-7345-4D1C-90E9-F0FF33B75E59}.Debug|x64.Build.0 = Debug|Any CPU
		{DA9F75A9-7345-4D1C-90E9-F0FF33B75E59}.Release|Any CPU.ActiveCfg = Release|Any CPU
		{DA9F75A9-7345-4D1C-90E9-F0FF33B75E59}.Release|Any CPU.Build.0 = Release|Any CPU
		{DA9F75A9-7345-4D1C-90E9-F0FF33B75E59}.Release|x64.ActiveCfg = Release|Any CPU
		{DA9F75A9-7345-4D1C-90E9-F0FF33B75E59}.Release|x64.Build.0 = Release|Any CPU
		{DA9F75A9-7345-4D1C-90E9-F0FF33B75E59}.Self|Any CPU.ActiveCfg = Debug|Any CPU
		{DA9F75A9-7345-4D1C-90E9-F0FF33B75E59}.Self|Any CPU.Build.0 = Debug|Any CPU
		{DA9F75A9-7345-4D1C-90E9-F0FF33B75E59}.Self|x64.ActiveCfg = TIA|Any CPU
		{DA9F75A9-7345-4D1C-90E9-F0FF33B75E59}.Self|x64.Build.0 = TIA|Any CPU
		{DA9F75A9-7345-4D1C-90E9-F0FF33B75E59}.TIA|Any CPU.ActiveCfg = Debug|Any CPU
		{DA9F75A9-7345-4D1C-90E9-F0FF33B75E59}.TIA|Any CPU.Build.0 = Debug|Any CPU
		{DA9F75A9-7345-4D1C-90E9-F0FF33B75E59}.TIA|x64.ActiveCfg = TIA|Any CPU
		{DA9F75A9-7345-4D1C-90E9-F0FF33B75E59}.TIA|x64.Build.0 = TIA|Any CPU
		{27914246-1AE8-4BC0-9B43-3E65D7F52D22}.Debug|Any CPU.ActiveCfg = Debug|Any CPU
		{27914246-1AE8-4BC0-9B43-3E65D7F52D22}.Debug|Any CPU.Build.0 = Debug|Any CPU
		{27914246-1AE8-4BC0-9B43-3E65D7F52D22}.Debug|x64.ActiveCfg = Debug|Any CPU
		{27914246-1AE8-4BC0-9B43-3E65D7F52D22}.Debug|x64.Build.0 = Debug|Any CPU
		{27914246-1AE8-4BC0-9B43-3E65D7F52D22}.Release|Any CPU.ActiveCfg = Release|Any CPU
		{27914246-1AE8-4BC0-9B43-3E65D7F52D22}.Release|Any CPU.Build.0 = Release|Any CPU
		{27914246-1AE8-4BC0-9B43-3E65D7F52D22}.Release|x64.ActiveCfg = Release|Any CPU
		{27914246-1AE8-4BC0-9B43-3E65D7F52D22}.Release|x64.Build.0 = Release|Any CPU
		{27914246-1AE8-4BC0-9B43-3E65D7F52D22}.Self|Any CPU.ActiveCfg = Debug|Any CPU
		{27914246-1AE8-4BC0-9B43-3E65D7F52D22}.Self|Any CPU.Build.0 = Debug|Any CPU
		{27914246-1AE8-4BC0-9B43-3E65D7F52D22}.Self|x64.ActiveCfg = Release|Any CPU
		{27914246-1AE8-4BC0-9B43-3E65D7F52D22}.Self|x64.Build.0 = Release|Any CPU
		{27914246-1AE8-4BC0-9B43-3E65D7F52D22}.TIA|Any CPU.ActiveCfg = Debug|Any CPU
		{27914246-1AE8-4BC0-9B43-3E65D7F52D22}.TIA|Any CPU.Build.0 = Debug|Any CPU
		{27914246-1AE8-4BC0-9B43-3E65D7F52D22}.TIA|x64.ActiveCfg = Release|Any CPU
		{27914246-1AE8-4BC0-9B43-3E65D7F52D22}.TIA|x64.Build.0 = Release|Any CPU
		{A8AADE36-BBED-43AF-BD52-335E53890B8E}.Debug|Any CPU.ActiveCfg = Debug|x64
		{A8AADE36-BBED-43AF-BD52-335E53890B8E}.Debug|x64.ActiveCfg = Debug|x64
		{A8AADE36-BBED-43AF-BD52-335E53890B8E}.Debug|x64.Build.0 = Debug|x64
		{A8AADE36-BBED-43AF-BD52-335E53890B8E}.Release|Any CPU.ActiveCfg = Release|x64
		{A8AADE36-BBED-43AF-BD52-335E53890B8E}.Release|x64.ActiveCfg = Release|x64
		{A8AADE36-BBED-43AF-BD52-335E53890B8E}.Release|x64.Build.0 = Release|x64
		{A8AADE36-BBED-43AF-BD52-335E53890B8E}.Self|Any CPU.ActiveCfg = Debug|x64
		{A8AADE36-BBED-43AF-BD52-335E53890B8E}.Self|Any CPU.Build.0 = Debug|x64
		{A8AADE36-BBED-43AF-BD52-335E53890B8E}.Self|x64.ActiveCfg = Debug|x64
		{A8AADE36-BBED-43AF-BD52-335E53890B8E}.Self|x64.Build.0 = Debug|x64
		{A8AADE36-BBED-43AF-BD52-335E53890B8E}.TIA|Any CPU.ActiveCfg = Debug|x64
		{A8AADE36-BBED-43AF-BD52-335E53890B8E}.TIA|Any CPU.Build.0 = Debug|x64
		{A8AADE36-BBED-43AF-BD52-335E53890B8E}.TIA|x64.ActiveCfg = Debug|x64
		{A8AADE36-BBED-43AF-BD52-335E53890B8E}.TIA|x64.Build.0 = Debug|x64
		{CB000984-EA04-4BA8-84BB-58BFCA62FA91}.Debug|Any CPU.ActiveCfg = Debug|Any CPU
		{CB000984-EA04-4BA8-84BB-58BFCA62FA91}.Debug|Any CPU.Build.0 = Debug|Any CPU
		{CB000984-EA04-4BA8-84BB-58BFCA62FA91}.Debug|x64.ActiveCfg = Debug|Any CPU
		{CB000984-EA04-4BA8-84BB-58BFCA62FA91}.Debug|x64.Build.0 = Debug|Any CPU
		{CB000984-EA04-4BA8-84BB-58BFCA62FA91}.Release|Any CPU.ActiveCfg = Release|Any CPU
		{CB000984-EA04-4BA8-84BB-58BFCA62FA91}.Release|Any CPU.Build.0 = Release|Any CPU
		{CB000984-EA04-4BA8-84BB-58BFCA62FA91}.Release|x64.ActiveCfg = Release|Any CPU
		{CB000984-EA04-4BA8-84BB-58BFCA62FA91}.Release|x64.Build.0 = Release|Any CPU
		{CB000984-EA04-4BA8-84BB-58BFCA62FA91}.Self|Any CPU.ActiveCfg = Debug|Any CPU
		{CB000984-EA04-4BA8-84BB-58BFCA62FA91}.Self|Any CPU.Build.0 = Debug|Any CPU
		{CB000984-EA04-4BA8-84BB-58BFCA62FA91}.Self|x64.ActiveCfg = Debug|Any CPU
		{CB000984-EA04-4BA8-84BB-58BFCA62FA91}.Self|x64.Build.0 = Debug|Any CPU
		{CB000984-EA04-4BA8-84BB-58BFCA62FA91}.TIA|Any CPU.ActiveCfg = Debug|Any CPU
		{CB000984-EA04-4BA8-84BB-58BFCA62FA91}.TIA|Any CPU.Build.0 = Debug|Any CPU
		{CB000984-EA04-4BA8-84BB-58BFCA62FA91}.TIA|x64.ActiveCfg = Debug|Any CPU
		{CB000984-EA04-4BA8-84BB-58BFCA62FA91}.TIA|x64.Build.0 = Debug|Any CPU
		{2EA8AA62-E792-4354-A08A-BDDE6ECFD7A1}.Debug|Any CPU.ActiveCfg = Debug|x64
		{2EA8AA62-E792-4354-A08A-BDDE6ECFD7A1}.Debug|x64.ActiveCfg = Debug|x64
		{2EA8AA62-E792-4354-A08A-BDDE6ECFD7A1}.Debug|x64.Build.0 = Debug|x64
		{2EA8AA62-E792-4354-A08A-BDDE6ECFD7A1}.Release|Any CPU.ActiveCfg = Release|x64
		{2EA8AA62-E792-4354-A08A-BDDE6ECFD7A1}.Release|x64.ActiveCfg = Release|x64
		{2EA8AA62-E792-4354-A08A-BDDE6ECFD7A1}.Release|x64.Build.0 = Release|x64
		{2EA8AA62-E792-4354-A08A-BDDE6ECFD7A1}.Self|Any CPU.ActiveCfg = Debug|x64
		{2EA8AA62-E792-4354-A08A-BDDE6ECFD7A1}.Self|Any CPU.Build.0 = Debug|x64
		{2EA8AA62-E792-4354-A08A-BDDE6ECFD7A1}.Self|x64.ActiveCfg = Debug|x64
		{2EA8AA62-E792-4354-A08A-BDDE6ECFD7A1}.Self|x64.Build.0 = Debug|x64
		{2EA8AA62-E792-4354-A08A-BDDE6ECFD7A1}.TIA|Any CPU.ActiveCfg = Debug|x64
		{2EA8AA62-E792-4354-A08A-BDDE6ECFD7A1}.TIA|Any CPU.Build.0 = Debug|x64
		{2EA8AA62-E792-4354-A08A-BDDE6ECFD7A1}.TIA|x64.ActiveCfg = Debug|x64
		{2EA8AA62-E792-4354-A08A-BDDE6ECFD7A1}.TIA|x64.Build.0 = Debug|x64
	EndGlobalSection
	GlobalSection(SolutionProperties) = preSolution
		HideSolutionNode = FALSE
	EndGlobalSection
	GlobalSection(ExtensibilityGlobals) = postSolution
		SolutionGuid = {6B086D4C-9E42-4ADE-BB41-6CC27C0D60E9}
	EndGlobalSection
EndGlobal
